// !$*UTF8*$!
{
	archiveVersion = 1;
	classes = {
	};
	objectVersion = 46;
	objects = {

/* Begin PBXBuildFile section */
		9E1DD685190027F400E898B5 /* Foundation.framework in Frameworks */ = {isa = PBXBuildFile; fileRef = 9E1DD684190027F400E898B5 /* Foundation.framework */; };
		9E1DD687190027F400E898B5 /* CoreGraphics.framework in Frameworks */ = {isa = PBXBuildFile; fileRef = 9E1DD686190027F400E898B5 /* CoreGraphics.framework */; };
		9E1DD689190027F400E898B5 /* UIKit.framework in Frameworks */ = {isa = PBXBuildFile; fileRef = 9E1DD688190027F400E898B5 /* UIKit.framework */; };
		9E1DD68F190027F400E898B5 /* InfoPlist.strings in Resources */ = {isa = PBXBuildFile; fileRef = 9E1DD68D190027F400E898B5 /* InfoPlist.strings */; };
		9E1DD691190027F400E898B5 /* main.m in Sources */ = {isa = PBXBuildFile; fileRef = 9E1DD690190027F400E898B5 /* main.m */; };
		9E1DD695190027F400E898B5 /* LVAppDelegate.m in Sources */ = {isa = PBXBuildFile; fileRef = 9E1DD694190027F400E898B5 /* LVAppDelegate.m */; };
		9E1DD697190027F400E898B5 /* Images.xcassets in Resources */ = {isa = PBXBuildFile; fileRef = 9E1DD696190027F400E898B5 /* Images.xcassets */; };
		9E1DD69E190027F400E898B5 /* XCTest.framework in Frameworks */ = {isa = PBXBuildFile; fileRef = 9E1DD69D190027F400E898B5 /* XCTest.framework */; };
		9E1DD69F190027F400E898B5 /* Foundation.framework in Frameworks */ = {isa = PBXBuildFile; fileRef = 9E1DD684190027F400E898B5 /* Foundation.framework */; };
		9E1DD6A0190027F400E898B5 /* UIKit.framework in Frameworks */ = {isa = PBXBuildFile; fileRef = 9E1DD688190027F400E898B5 /* UIKit.framework */; };
		9E1DD6A8190027F400E898B5 /* InfoPlist.strings in Resources */ = {isa = PBXBuildFile; fileRef = 9E1DD6A6190027F400E898B5 /* InfoPlist.strings */; };
		9E1DD6AA190027F400E898B5 /* SelectPaymentMethodTableViewTests.m in Sources */ = {isa = PBXBuildFile; fileRef = 9E1DD6A9190027F400E898B5 /* SelectPaymentMethodTableViewTests.m */; };
		9E1DD6B61900281100E898B5 /* LVSelectPaymentMethodViewController.m in Sources */ = {isa = PBXBuildFile; fileRef = 9E1DD6B41900281100E898B5 /* LVSelectPaymentMethodViewController.m */; };
		9E1DD6B71900281100E898B5 /* LVSelectPaymentMethodViewController.xib in Resources */ = {isa = PBXBuildFile; fileRef = 9E1DD6B51900281100E898B5 /* LVSelectPaymentMethodViewController.xib */; };
		9E1DD6BA1900295300E898B5 /* LVPaymentHeaderView.m in Sources */ = {isa = PBXBuildFile; fileRef = 9E1DD6B91900295300E898B5 /* LVPaymentHeaderView.m */; };
		9E1DD6BC1900297800E898B5 /* LVPaymentHeaderView.xib in Resources */ = {isa = PBXBuildFile; fileRef = 9E1DD6BB1900297800E898B5 /* LVPaymentHeaderView.xib */; };
		9E1DD6C019002B2700E898B5 /* LVNormalePaymentInputTypeTableViewCell.m in Sources */ = {isa = PBXBuildFile; fileRef = 9E1DD6BE19002B2700E898B5 /* LVNormalePaymentInputTypeTableViewCell.m */; };
		9E1DD6C119002B2700E898B5 /* LVNormalePaymentInputTypeTableViewCell.xib in Resources */ = {isa = PBXBuildFile; fileRef = 9E1DD6BF19002B2700E898B5 /* LVNormalePaymentInputTypeTableViewCell.xib */; };
		9E1DD6C519002D9E00E898B5 /* LVMultiPaymentTypeTableViewCell.m in Sources */ = {isa = PBXBuildFile; fileRef = 9E1DD6C319002D9E00E898B5 /* LVMultiPaymentTypeTableViewCell.m */; };
		9E1DD6C619002D9E00E898B5 /* LVMultiPaymentTypeTableViewCell.xib in Resources */ = {isa = PBXBuildFile; fileRef = 9E1DD6C419002D9E00E898B5 /* LVMultiPaymentTypeTableViewCell.xib */; };
		9E1DD6CA1900320F00E898B5 /* LVViewController.m in Sources */ = {isa = PBXBuildFile; fileRef = 9E1DD6C81900320F00E898B5 /* LVViewController.m */; };
		9E1DD6CB1900320F00E898B5 /* LVViewController.xib in Resources */ = {isa = PBXBuildFile; fileRef = 9E1DD6C91900320F00E898B5 /* LVViewController.xib */; };
/* End PBXBuildFile section */

/* Begin PBXContainerItemProxy section */
		9E1DD6A1190027F400E898B5 /* PBXContainerItemProxy */ = {
			isa = PBXContainerItemProxy;
			containerPortal = 9E1DD679190027F400E898B5 /* Project object */;
			proxyType = 1;
			remoteGlobalIDString = 9E1DD680190027F400E898B5;
			remoteInfo = SelectPaymentMethodTableView;
		};
/* End PBXContainerItemProxy section */

/* Begin PBXFileReference section */
		9E1DD681190027F400E898B5 /* SelectPaymentMethodTableView.app */ = {isa = PBXFileReference; explicitFileType = wrapper.application; includeInIndex = 0; path = SelectPaymentMethodTableView.app; sourceTree = BUILT_PRODUCTS_DIR; };
		9E1DD684190027F400E898B5 /* Foundation.framework */ = {isa = PBXFileReference; lastKnownFileType = wrapper.framework; name = Foundation.framework; path = System/Library/Frameworks/Foundation.framework; sourceTree = SDKROOT; };
		9E1DD686190027F400E898B5 /* CoreGraphics.framework */ = {isa = PBXFileReference; lastKnownFileType = wrapper.framework; name = CoreGraphics.framework; path = System/Library/Frameworks/CoreGraphics.framework; sourceTree = SDKROOT; };
		9E1DD688190027F400E898B5 /* UIKit.framework */ = {isa = PBXFileReference; lastKnownFileType = wrapper.framework; name = UIKit.framework; path = System/Library/Frameworks/UIKit.framework; sourceTree = SDKROOT; };
		9E1DD68C190027F400E898B5 /* SelectPaymentMethodTableView-Info.plist */ = {isa = PBXFileReference; lastKnownFileType = text.plist.xml; path = "SelectPaymentMethodTableView-Info.plist"; sourceTree = "<group>"; };
		9E1DD68E190027F400E898B5 /* en */ = {isa = PBXFileReference; lastKnownFileType = text.plist.strings; name = en; path = en.lproj/InfoPlist.strings; sourceTree = "<group>"; };
		9E1DD690190027F400E898B5 /* main.m */ = {isa = PBXFileReference; lastKnownFileType = sourcecode.c.objc; path = main.m; sourceTree = "<group>"; };
		9E1DD692190027F400E898B5 /* SelectPaymentMethodTableView-Prefix.pch */ = {isa = PBXFileReference; lastKnownFileType = sourcecode.c.h; path = "SelectPaymentMethodTableView-Prefix.pch"; sourceTree = "<group>"; };
		9E1DD693190027F400E898B5 /* LVAppDelegate.h */ = {isa = PBXFileReference; lastKnownFileType = sourcecode.c.h; path = LVAppDelegate.h; sourceTree = "<group>"; };
		9E1DD694190027F400E898B5 /* LVAppDelegate.m */ = {isa = PBXFileReference; lastKnownFileType = sourcecode.c.objc; path = LVAppDelegate.m; sourceTree = "<group>"; };
		9E1DD696190027F400E898B5 /* Images.xcassets */ = {isa = PBXFileReference; lastKnownFileType = folder.assetcatalog; path = Images.xcassets; sourceTree = "<group>"; };
		9E1DD69C190027F400E898B5 /* SelectPaymentMethodTableViewTests.xctest */ = {isa = PBXFileReference; explicitFileType = wrapper.cfbundle; includeInIndex = 0; path = SelectPaymentMethodTableViewTests.xctest; sourceTree = BUILT_PRODUCTS_DIR; };
		9E1DD69D190027F400E898B5 /* XCTest.framework */ = {isa = PBXFileReference; lastKnownFileType = wrapper.framework; name = XCTest.framework; path = Library/Frameworks/XCTest.framework; sourceTree = DEVELOPER_DIR; };
		9E1DD6A5190027F400E898B5 /* SelectPaymentMethodTableViewTests-Info.plist */ = {isa = PBXFileReference; lastKnownFileType = text.plist.xml; path = "SelectPaymentMethodTableViewTests-Info.plist"; sourceTree = "<group>"; };
		9E1DD6A7190027F400E898B5 /* en */ = {isa = PBXFileReference; lastKnownFileType = text.plist.strings; name = en; path = en.lproj/InfoPlist.strings; sourceTree = "<group>"; };
		9E1DD6A9190027F400E898B5 /* SelectPaymentMethodTableViewTests.m */ = {isa = PBXFileReference; lastKnownFileType = sourcecode.c.objc; path = SelectPaymentMethodTableViewTests.m; sourceTree = "<group>"; };
		9E1DD6B31900281100E898B5 /* LVSelectPaymentMethodViewController.h */ = {isa = PBXFileReference; fileEncoding = 4; lastKnownFileType = sourcecode.c.h; path = LVSelectPaymentMethodViewController.h; sourceTree = "<group>"; };
		9E1DD6B41900281100E898B5 /* LVSelectPaymentMethodViewController.m */ = {isa = PBXFileReference; fileEncoding = 4; lastKnownFileType = sourcecode.c.objc; path = LVSelectPaymentMethodViewController.m; sourceTree = "<group>"; };
		9E1DD6B51900281100E898B5 /* LVSelectPaymentMethodViewController.xib */ = {isa = PBXFileReference; fileEncoding = 4; lastKnownFileType = file.xib; path = LVSelectPaymentMethodViewController.xib; sourceTree = "<group>"; };
		9E1DD6B81900295300E898B5 /* LVPaymentHeaderView.h */ = {isa = PBXFileReference; fileEncoding = 4; lastKnownFileType = sourcecode.c.h; path = LVPaymentHeaderView.h; sourceTree = "<group>"; };
		9E1DD6B91900295300E898B5 /* LVPaymentHeaderView.m */ = {isa = PBXFileReference; fileEncoding = 4; lastKnownFileType = sourcecode.c.objc; path = LVPaymentHeaderView.m; sourceTree = "<group>"; };
		9E1DD6BB1900297800E898B5 /* LVPaymentHeaderView.xib */ = {isa = PBXFileReference; fileEncoding = 4; lastKnownFileType = file.xib; path = LVPaymentHeaderView.xib; sourceTree = "<group>"; };
		9E1DD6BD19002B2700E898B5 /* LVNormalePaymentInputTypeTableViewCell.h */ = {isa = PBXFileReference; fileEncoding = 4; lastKnownFileType = sourcecode.c.h; path = LVNormalePaymentInputTypeTableViewCell.h; sourceTree = "<group>"; };
		9E1DD6BE19002B2700E898B5 /* LVNormalePaymentInputTypeTableViewCell.m */ = {isa = PBXFileReference; fileEncoding = 4; lastKnownFileType = sourcecode.c.objc; path = LVNormalePaymentInputTypeTableViewCell.m; sourceTree = "<group>"; };
		9E1DD6BF19002B2700E898B5 /* LVNormalePaymentInputTypeTableViewCell.xib */ = {isa = PBXFileReference; fileEncoding = 4; lastKnownFileType = file.xib; path = LVNormalePaymentInputTypeTableViewCell.xib; sourceTree = "<group>"; };
		9E1DD6C219002D9E00E898B5 /* LVMultiPaymentTypeTableViewCell.h */ = {isa = PBXFileReference; fileEncoding = 4; lastKnownFileType = sourcecode.c.h; path = LVMultiPaymentTypeTableViewCell.h; sourceTree = "<group>"; };
		9E1DD6C319002D9E00E898B5 /* LVMultiPaymentTypeTableViewCell.m */ = {isa = PBXFileReference; fileEncoding = 4; lastKnownFileType = sourcecode.c.objc; path = LVMultiPaymentTypeTableViewCell.m; sourceTree = "<group>"; };
		9E1DD6C419002D9E00E898B5 /* LVMultiPaymentTypeTableViewCell.xib */ = {isa = PBXFileReference; fileEncoding = 4; lastKnownFileType = file.xib; path = LVMultiPaymentTypeTableViewCell.xib; sourceTree = "<group>"; };
		9E1DD6C71900320F00E898B5 /* LVViewController.h */ = {isa = PBXFileReference; fileEncoding = 4; lastKnownFileType = sourcecode.c.h; path = LVViewController.h; sourceTree = "<group>"; };
		9E1DD6C81900320F00E898B5 /* LVViewController.m */ = {isa = PBXFileReference; fileEncoding = 4; lastKnownFileType = sourcecode.c.objc; path = LVViewController.m; sourceTree = "<group>"; };
		9E1DD6C91900320F00E898B5 /* LVViewController.xib */ = {isa = PBXFileReference; fileEncoding = 4; lastKnownFileType = file.xib; path = LVViewController.xib; sourceTree = "<group>"; };
/* End PBXFileReference section */

/* Begin PBXFrameworksBuildPhase section */
		9E1DD67E190027F400E898B5 /* Frameworks */ = {
			isa = PBXFrameworksBuildPhase;
			buildActionMask = 2147483647;
			files = (
				9E1DD687190027F400E898B5 /* CoreGraphics.framework in Frameworks */,
				9E1DD689190027F400E898B5 /* UIKit.framework in Frameworks */,
				9E1DD685190027F400E898B5 /* Foundation.framework in Frameworks */,
			);
			runOnlyForDeploymentPostprocessing = 0;
		};
		9E1DD699190027F400E898B5 /* Frameworks */ = {
			isa = PBXFrameworksBuildPhase;
			buildActionMask = 2147483647;
			files = (
				9E1DD69E190027F400E898B5 /* XCTest.framework in Frameworks */,
				9E1DD6A0190027F400E898B5 /* UIKit.framework in Frameworks */,
				9E1DD69F190027F400E898B5 /* Foundation.framework in Frameworks */,
			);
			runOnlyForDeploymentPostprocessing = 0;
		};
/* End PBXFrameworksBuildPhase section */

/* Begin PBXGroup section */
		9E1DD678190027F400E898B5 = {
			isa = PBXGroup;
			children = (
				9E1DD68A190027F400E898B5 /* SelectPaymentMethodTableView */,
				9E1DD6A3190027F400E898B5 /* SelectPaymentMethodTableViewTests */,
				9E1DD683190027F400E898B5 /* Frameworks */,
				9E1DD682190027F400E898B5 /* Products */,
			);
			sourceTree = "<group>";
		};
		9E1DD682190027F400E898B5 /* Products */ = {
			isa = PBXGroup;
			children = (
				9E1DD681190027F400E898B5 /* SelectPaymentMethodTableView.app */,
				9E1DD69C190027F400E898B5 /* SelectPaymentMethodTableViewTests.xctest */,
			);
			name = Products;
			sourceTree = "<group>";
		};
		9E1DD683190027F400E898B5 /* Frameworks */ = {
			isa = PBXGroup;
			children = (
				9E1DD684190027F400E898B5 /* Foundation.framework */,
				9E1DD686190027F400E898B5 /* CoreGraphics.framework */,
				9E1DD688190027F400E898B5 /* UIKit.framework */,
				9E1DD69D190027F400E898B5 /* XCTest.framework */,
			);
			name = Frameworks;
			sourceTree = "<group>";
		};
		9E1DD68A190027F400E898B5 /* SelectPaymentMethodTableView */ = {
			isa = PBXGroup;
			children = (
				9E1DD693190027F400E898B5 /* LVAppDelegate.h */,
				9E1DD694190027F400E898B5 /* LVAppDelegate.m */,
				9E1DD6C71900320F00E898B5 /* LVViewController.h */,
				9E1DD6C81900320F00E898B5 /* LVViewController.m */,
				9E1DD6C91900320F00E898B5 /* LVViewController.xib */,
				9E1DD6B31900281100E898B5 /* LVSelectPaymentMethodViewController.h */,
				9E1DD6B41900281100E898B5 /* LVSelectPaymentMethodViewController.m */,
				9E1DD6B51900281100E898B5 /* LVSelectPaymentMethodViewController.xib */,
				9E1DD6B81900295300E898B5 /* LVPaymentHeaderView.h */,
				9E1DD6B91900295300E898B5 /* LVPaymentHeaderView.m */,
				9E1DD6BB1900297800E898B5 /* LVPaymentHeaderView.xib */,
				9E1DD6BD19002B2700E898B5 /* LVNormalePaymentInputTypeTableViewCell.h */,
				9E1DD6BE19002B2700E898B5 /* LVNormalePaymentInputTypeTableViewCell.m */,
				9E1DD6BF19002B2700E898B5 /* LVNormalePaymentInputTypeTableViewCell.xib */,
				9E1DD6C219002D9E00E898B5 /* LVMultiPaymentTypeTableViewCell.h */,
				9E1DD6C319002D9E00E898B5 /* LVMultiPaymentTypeTableViewCell.m */,
				9E1DD6C419002D9E00E898B5 /* LVMultiPaymentTypeTableViewCell.xib */,
				9E1DD696190027F400E898B5 /* Images.xcassets */,
				9E1DD68B190027F400E898B5 /* Supporting Files */,
			);
			path = SelectPaymentMethodTableView;
			sourceTree = "<group>";
		};
		9E1DD68B190027F400E898B5 /* Supporting Files */ = {
			isa = PBXGroup;
			children = (
				9E1DD68C190027F400E898B5 /* SelectPaymentMethodTableView-Info.plist */,
				9E1DD68D190027F400E898B5 /* InfoPlist.strings */,
				9E1DD690190027F400E898B5 /* main.m */,
				9E1DD692190027F400E898B5 /* SelectPaymentMethodTableView-Prefix.pch */,
			);
			name = "Supporting Files";
			sourceTree = "<group>";
		};
		9E1DD6A3190027F400E898B5 /* SelectPaymentMethodTableViewTests */ = {
			isa = PBXGroup;
			children = (
				9E1DD6A9190027F400E898B5 /* SelectPaymentMethodTableViewTests.m */,
				9E1DD6A4190027F400E898B5 /* Supporting Files */,
			);
			path = SelectPaymentMethodTableViewTests;
			sourceTree = "<group>";
		};
		9E1DD6A4190027F400E898B5 /* Supporting Files */ = {
			isa = PBXGroup;
			children = (
				9E1DD6A5190027F400E898B5 /* SelectPaymentMethodTableViewTests-Info.plist */,
				9E1DD6A6190027F400E898B5 /* InfoPlist.strings */,
			);
			name = "Supporting Files";
			sourceTree = "<group>";
		};
/* End PBXGroup section */

/* Begin PBXNativeTarget section */
		9E1DD680190027F400E898B5 /* SelectPaymentMethodTableView */ = {
			isa = PBXNativeTarget;
			buildConfigurationList = 9E1DD6AD190027F400E898B5 /* Build configuration list for PBXNativeTarget "SelectPaymentMethodTableView" */;
			buildPhases = (
				9E1DD67D190027F400E898B5 /* Sources */,
				9E1DD67E190027F400E898B5 /* Frameworks */,
				9E1DD67F190027F400E898B5 /* Resources */,
			);
			buildRules = (
			);
			dependencies = (
			);
			name = SelectPaymentMethodTableView;
			productName = SelectPaymentMethodTableView;
			productReference = 9E1DD681190027F400E898B5 /* SelectPaymentMethodTableView.app */;
			productType = "com.apple.product-type.application";
		};
		9E1DD69B190027F400E898B5 /* SelectPaymentMethodTableViewTests */ = {
			isa = PBXNativeTarget;
			buildConfigurationList = 9E1DD6B0190027F400E898B5 /* Build configuration list for PBXNativeTarget "SelectPaymentMethodTableViewTests" */;
			buildPhases = (
				9E1DD698190027F400E898B5 /* Sources */,
				9E1DD699190027F400E898B5 /* Frameworks */,
				9E1DD69A190027F400E898B5 /* Resources */,
			);
			buildRules = (
			);
			dependencies = (
				9E1DD6A2190027F400E898B5 /* PBXTargetDependency */,
			);
			name = SelectPaymentMethodTableViewTests;
			productName = SelectPaymentMethodTableViewTests;
			productReference = 9E1DD69C190027F400E898B5 /* SelectPaymentMethodTableViewTests.xctest */;
			productType = "com.apple.product-type.bundle.unit-test";
		};
/* End PBXNativeTarget section */

/* Begin PBXProject section */
		9E1DD679190027F400E898B5 /* Project object */ = {
			isa = PBXProject;
			attributes = {
				CLASSPREFIX = LV;
				LastUpgradeCheck = 0510;
				ORGANIZATIONNAME = com.lvpw;
				TargetAttributes = {
					9E1DD69B190027F400E898B5 = {
						TestTargetID = 9E1DD680190027F400E898B5;
					};
				};
			};
			buildConfigurationList = 9E1DD67C190027F400E898B5 /* Build configuration list for PBXProject "SelectPaymentMethodTableView" */;
			compatibilityVersion = "Xcode 3.2";
			developmentRegion = English;
			hasScannedForEncodings = 0;
			knownRegions = (
				en,
			);
			mainGroup = 9E1DD678190027F400E898B5;
			productRefGroup = 9E1DD682190027F400E898B5 /* Products */;
			projectDirPath = "";
			projectRoot = "";
			targets = (
				9E1DD680190027F400E898B5 /* SelectPaymentMethodTableView */,
				9E1DD69B190027F400E898B5 /* SelectPaymentMethodTableViewTests */,
			);
		};
/* End PBXProject section */

/* Begin PBXResourcesBuildPhase section */
		9E1DD67F190027F400E898B5 /* Resources */ = {
			isa = PBXResourcesBuildPhase;
			buildActionMask = 2147483647;
			files = (
				9E1DD6C619002D9E00E898B5 /* LVMultiPaymentTypeTableViewCell.xib in Resources */,
				9E1DD6BC1900297800E898B5 /* LVPaymentHeaderView.xib in Resources */,
				9E1DD6B71900281100E898B5 /* LVSelectPaymentMethodViewController.xib in Resources */,
				9E1DD68F190027F400E898B5 /* InfoPlist.strings in Resources */,
				9E1DD6CB1900320F00E898B5 /* LVViewController.xib in Resources */,
				9E1DD697190027F400E898B5 /* Images.xcassets in Resources */,
				9E1DD6C119002B2700E898B5 /* LVNormalePaymentInputTypeTableViewCell.xib in Resources */,
			);
			runOnlyForDeploymentPostprocessing = 0;
		};
		9E1DD69A190027F400E898B5 /* Resources */ = {
			isa = PBXResourcesBuildPhase;
			buildActionMask = 2147483647;
			files = (
				9E1DD6A8190027F400E898B5 /* InfoPlist.strings in Resources */,
			);
			runOnlyForDeploymentPostprocessing = 0;
		};
/* End PBXResourcesBuildPhase section */

/* Begin PBXSourcesBuildPhase section */
		9E1DD67D190027F400E898B5 /* Sources */ = {
			isa = PBXSourcesBuildPhase;
			buildActionMask = 2147483647;
			files = (
				9E1DD6CA1900320F00E898B5 /* LVViewController.m in Sources */,
				9E1DD6BA1900295300E898B5 /* LVPaymentHeaderView.m in Sources */,
				9E1DD695190027F400E898B5 /* LVAppDelegate.m in Sources */,
				9E1DD6C519002D9E00E898B5 /* LVMultiPaymentTypeTableViewCell.m in Sources */,
				9E1DD6C019002B2700E898B5 /* LVNormalePaymentInputTypeTableViewCell.m in Sources */,
				9E1DD6B61900281100E898B5 /* LVSelectPaymentMethodViewController.m in Sources */,
				9E1DD691190027F400E898B5 /* main.m in Sources */,
			);
			runOnlyForDeploymentPostprocessing = 0;
		};
		9E1DD698190027F400E898B5 /* Sources */ = {
			isa = PBXSourcesBuildPhase;
			buildActionMask = 2147483647;
			files = (
				9E1DD6AA190027F400E898B5 /* SelectPaymentMethodTableViewTests.m in Sources */,
			);
			runOnlyForDeploymentPostprocessing = 0;
		};
/* End PBXSourcesBuildPhase section */

/* Begin PBXTargetDependency section */
		9E1DD6A2190027F400E898B5 /* PBXTargetDependency */ = {
			isa = PBXTargetDependency;
			target = 9E1DD680190027F400E898B5 /* SelectPaymentMethodTableView */;
			targetProxy = 9E1DD6A1190027F400E898B5 /* PBXContainerItemProxy */;
		};
/* End PBXTargetDependency section */

/* Begin PBXVariantGroup section */
		9E1DD68D190027F400E898B5 /* InfoPlist.strings */ = {
			isa = PBXVariantGroup;
			children = (
				9E1DD68E190027F400E898B5 /* en */,
			);
			name = InfoPlist.strings;
			sourceTree = "<group>";
		};
		9E1DD6A6190027F400E898B5 /* InfoPlist.strings */ = {
			isa = PBXVariantGroup;
			children = (
				9E1DD6A7190027F400E898B5 /* en */,
			);
			name = InfoPlist.strings;
			sourceTree = "<group>";
		};
/* End PBXVariantGroup section */

/* Begin XCBuildConfiguration section */
		9E1DD6AB190027F400E898B5 /* Debug */ = {
			isa = XCBuildConfiguration;
			buildSettings = {
				ALWAYS_SEARCH_USER_PATHS = NO;
				CLANG_CXX_LANGUAGE_STANDARD = "gnu++0x";
				CLANG_CXX_LIBRARY = "libc++";
				CLANG_ENABLE_MODULES = YES;
				CLANG_ENABLE_OBJC_ARC = YES;
				CLANG_WARN_BOOL_CONVERSION = YES;
				CLANG_WARN_CONSTANT_CONVERSION = YES;
				CLANG_WARN_DIRECT_OBJC_ISA_USAGE = YES_ERROR;
				CLANG_WARN_EMPTY_BODY = YES;
				CLANG_WARN_ENUM_CONVERSION = YES;
				CLANG_WARN_INT_CONVERSION = YES;
				CLANG_WARN_OBJC_ROOT_CLASS = YES_ERROR;
				CLANG_WARN__DUPLICATE_METHOD_MATCH = YES;
				"CODE_SIGN_IDENTITY[sdk=iphoneos*]" = "iPhone Developer";
				COPY_PHASE_STRIP = NO;
				GCC_C_LANGUAGE_STANDARD = gnu99;
				GCC_DYNAMIC_NO_PIC = NO;
				GCC_OPTIMIZATION_LEVEL = 0;
				GCC_PREPROCESSOR_DEFINITIONS = (
					"DEBUG=1",
					"$(inherited)",
				);
				GCC_SYMBOLS_PRIVATE_EXTERN = NO;
				GCC_WARN_64_TO_32_BIT_CONVERSION = YES;
				GCC_WARN_ABOUT_RETURN_TYPE = YES_ERROR;
				GCC_WARN_UNDECLARED_SELECTOR = YES;
				GCC_WARN_UNINITIALIZED_AUTOS = YES_AGGRESSIVE;
				GCC_WARN_UNUSED_FUNCTION = YES;
				GCC_WARN_UNUSED_VARIABLE = YES;
				IPHONEOS_DEPLOYMENT_TARGET = 7.1;
				ONLY_ACTIVE_ARCH = YES;
				SDKROOT = iphoneos;
				TARGETED_DEVICE_FAMILY = "1,2";
			};
			name = Debug;
		};
		9E1DD6AC190027F400E898B5 /* Release */ = {
			isa = XCBuildConfiguration;
			buildSettings = {
				ALWAYS_SEARCH_USER_PATHS = NO;
				CLANG_CXX_LANGUAGE_STANDARD = "gnu++0x";
				CLANG_CXX_LIBRARY = "libc++";
				CLANG_ENABLE_MODULES = YES;
				CLANG_ENABLE_OBJC_ARC = YES;
				CLANG_WARN_BOOL_CONVERSION = YES;
				CLANG_WARN_CONSTANT_CONVERSION = YES;
				CLANG_WARN_DIRECT_OBJC_ISA_USAGE = YES_ERROR;
				CLANG_WARN_EMPTY_BODY = YES;
				CLANG_WARN_ENUM_CONVERSION = YES;
				CLANG_WARN_INT_CONVERSION = YES;
				CLANG_WARN_OBJC_ROOT_CLASS = YES_ERROR;
				CLANG_WARN__DUPLICATE_METHOD_MATCH = YES;
				"CODE_SIGN_IDENTITY[sdk=iphoneos*]" = "iPhone Developer";
				COPY_PHASE_STRIP = YES;
				ENABLE_NS_ASSERTIONS = NO;
				GCC_C_LANGUAGE_STANDARD = gnu99;
				GCC_WARN_64_TO_32_BIT_CONVERSION = YES;
				GCC_WARN_ABOUT_RETURN_TYPE = YES_ERROR;
				GCC_WARN_UNDECLARED_SELECTOR = YES;
				GCC_WARN_UNINITIALIZED_AUTOS = YES_AGGRESSIVE;
				GCC_WARN_UNUSED_FUNCTION = YES;
				GCC_WARN_UNUSED_VARIABLE = YES;
				IPHONEOS_DEPLOYMENT_TARGET = 7.1;
				SDKROOT = iphoneos;
				TARGETED_DEVICE_FAMILY = "1,2";
				VALIDATE_PRODUCT = YES;
			};
			name = Release;
		};
		9E1DD6AE190027F400E898B5 /* Debug */ = {
			isa = XCBuildConfiguration;
			buildSettings = {
				ASSETCATALOG_COMPILER_APPICON_NAME = AppIcon;
				ASSETCATALOG_COMPILER_LAUNCHIMAGE_NAME = LaunchImage;
				GCC_PRECOMPILE_PREFIX_HEADER = YES;
				GCC_PREFIX_HEADER = "SelectPaymentMethodTableView/SelectPaymentMethodTableView-Prefix.pch";
				INFOPLIST_FILE = "SelectPaymentMethodTableView/SelectPaymentMethodTableView-Info.plist";
				PRODUCT_NAME = "$(TARGET_NAME)";
				WRAPPER_EXTENSION = app;
			};
			name = Debug;
		};
		9E1DD6AF190027F400E898B5 /* Release */ = {
			isa = XCBuildConfiguration;
			buildSettings = {
				ASSETCATALOG_COMPILER_APPICON_NAME = AppIcon;
				ASSETCATALOG_COMPILER_LAUNCHIMAGE_NAME = LaunchImage;
				GCC_PRECOMPILE_PREFIX_HEADER = YES;
				GCC_PREFIX_HEADER = "SelectPaymentMethodTableView/SelectPaymentMethodTableView-Prefix.pch";
				INFOPLIST_FILE = "SelectPaymentMethodTableView/SelectPaymentMethodTableView-Info.plist";
				PRODUCT_NAME = "$(TARGET_NAME)";
				WRAPPER_EXTENSION = app;
			};
			name = Release;
		};
		9E1DD6B1190027F400E898B5 /* Debug */ = {
			isa = XCBuildConfiguration;
			buildSettings = {
				BUNDLE_LOADER = "$(BUILT_PRODUCTS_DIR)/SelectPaymentMethodTableView.app/SelectPaymentMethodTableView";
				FRAMEWORK_SEARCH_PATHS = (
					"$(SDKROOT)/Developer/Library/Frameworks",
					"$(inherited)",
					"$(DEVELOPER_FRAMEWORKS_DIR)",
				);
				GCC_PRECOMPILE_PREFIX_HEADER = YES;
				GCC_PREFIX_HEADER = "SelectPaymentMethodTableView/SelectPaymentMethodTableView-Prefix.pch";
				GCC_PREPROCESSOR_DEFINITIONS = (
					"DEBUG=1",
					"$(inherited)",
				);
				INFOPLIST_FILE = "SelectPaymentMethodTableViewTests/SelectPaymentMethodTableViewTests-Info.plist";
				PRODUCT_NAME = "$(TARGET_NAME)";
				TEST_HOST = "$(BUNDLE_LOADER)";
				WRAPPER_EXTENSION = xctest;
			};
			name = Debug;
		};
		9E1DD6B2190027F400E898B5 /* Release */ = {
			isa = XCBuildConfiguration;
			buildSettings = {
				BUNDLE_LOADER = "$(BUILT_PRODUCTS_DIR)/SelectPaymentMethodTableView.app/SelectPaymentMethodTableView";
				FRAMEWORK_SEARCH_PATHS = (
					"$(SDKROOT)/Developer/Library/Frameworks",
					"$(inherited)",
					"$(DEVELOPER_FRAMEWORKS_DIR)",
				);
				GCC_PRECOMPILE_PREFIX_HEADER = YES;
				GCC_PREFIX_HEADER = "SelectPaymentMethodTableView/SelectPaymentMethodTableView-Prefix.pch";
				INFOPLIST_FILE = "SelectPaymentMethodTableViewTests/SelectPaymentMethodTableViewTests-Info.plist";
				PRODUCT_NAME = "$(TARGET_NAME)";
				TEST_HOST = "$(BUNDLE_LOADER)";
				WRAPPER_EXTENSION = xctest;
			};
			name = Release;
		};
/* End XCBuildConfiguration section */

/* Begin XCConfigurationList section */
		9E1DD67C190027F400E898B5 /* Build configuration list for PBXProject "SelectPaymentMethodTableView" */ = {
			isa = XCConfigurationList;
			buildConfigurations = (
				9E1DD6AB190027F400E898B5 /* Debug */,
				9E1DD6AC190027F400E898B5 /* Release */,
			);
			defaultConfigurationIsVisible = 0;
			defaultConfigurationName = Release;
		};
		9E1DD6AD190027F400E898B5 /* Build configuration list for PBXNativeTarget "SelectPaymentMethodTableView" */ = {
			isa = XCConfigurationList;
			buildConfigurations = (
				9E1DD6AE190027F400E898B5 /* Debug */,
				9E1DD6AF190027F400E898B5 /* Release */,
			);
			defaultConfigurationIsVisible = 0;
		};
		9E1DD6B0190027F400E898B5 /* Build configuration list for PBXNativeTarget "SelectPaymentMethodTableViewTests" */ = {
			isa = XCConfigurationList;
			buildConfigurations = (
				9E1DD6B1190027F400E898B5 /* Debug */,
				9E1DD6B2190027F400E898B5 /* Release */,
			);
			defaultConfigurationIsVisible = 0;
		};
/* End XCConfigurationList section */
	};
	rootObject = 9E1DD679190027F400E898B5 /* Project object */;
}
